
Microsoft Visual Studio Solution File, Format Version 12.00
# Visual Studio Version 17
VisualStudioVersion = 17.0.31903.59
MinimumVisualStudioVersion = 10.0.40219.1
Project("{FAE04EC0-301F-11D3-BF4B-00C04F79EFBC}") = "OrderGrpc.Domain", "OrderGrpc.Domain\OrderGrpc.Domain.csproj", "{59E8EB1E-2A69-4092-BC22-D0208FE3EC6C}"
EndProject
Project("{FAE04EC0-301F-11D3-BF4B-00C04F79EFBC}") = "OrderGrpc.Infrastructure", "OrderGrpc.Infrastructure\OrderGrpc.Infrastructure.csproj", "{C7578E98-D6D0-45FF-9847-D23FD974DFFE}"
EndProject
Project("{FAE04EC0-301F-11D3-BF4B-00C04F79EFBC}") = "OrderGrpc.Presentation", "OrderGrpc.Presentation\OrderGrpc.Presentation.csproj", "{6BB9DEC2-154F-48F5-9A07-39191C5C81B2}"
EndProject
Global
	GlobalSection(SolutionConfigurationPlatforms) = preSolution
		Debug|Any CPU = Debug|Any CPU
		Debug|x64 = Debug|x64
		Debug|x86 = Debug|x86
		Release|Any CPU = Release|Any CPU
		Release|x64 = Release|x64
		Release|x86 = Release|x86
	EndGlobalSection
	GlobalSection(ProjectConfigurationPlatforms) = postSolution
		{59E8EB1E-2A69-4092-BC22-D0208FE3EC6C}.Debug|Any CPU.ActiveCfg = Debug|Any CPU
		{59E8EB1E-2A69-4092-BC22-D0208FE3EC6C}.Debug|Any CPU.Build.0 = Debug|Any CPU
		{59E8EB1E-2A69-4092-BC22-D0208FE3EC6C}.Debug|x64.ActiveCfg = Debug|Any CPU
		{59E8EB1E-2A69-4092-BC22-D0208FE3EC6C}.Debug|x64.Build.0 = Debug|Any CPU
		{59E8EB1E-2A69-4092-BC22-D0208FE3EC6C}.Debug|x86.ActiveCfg = Debug|Any CPU
		{59E8EB1E-2A69-4092-BC22-D0208FE3EC6C}.Debug|x86.Build.0 = Debug|Any CPU
		{59E8EB1E-2A69-4092-BC22-D0208FE3EC6C}.Release|Any CPU.ActiveCfg = Release|Any CPU
		{59E8EB1E-2A69-4092-BC22-D0208FE3EC6C}.Release|Any CPU.Build.0 = Release|Any CPU
		{59E8EB1E-2A69-4092-BC22-D0208FE3EC6C}.Release|x64.ActiveCfg = Release|Any CPU
		{59E8EB1E-2A69-4092-BC22-D0208FE3EC6C}.Release|x64.Build.0 = Release|Any CPU
		{59E8EB1E-2A69-4092-BC22-D0208FE3EC6C}.Release|x86.ActiveCfg = Release|Any CPU
		{59E8EB1E-2A69-4092-BC22-D0208FE3EC6C}.Release|x86.Build.0 = Release|Any CPU
		{C7578E98-D6D0-45FF-9847-D23FD974DFFE}.Debug|Any CPU.ActiveCfg = Debug|Any CPU
		{C7578E98-D6D0-45FF-9847-D23FD974DFFE}.Debug|Any CPU.Build.0 = Debug|Any CPU
		{C7578E98-D6D0-45FF-9847-D23FD974DFFE}.Debug|x64.ActiveCfg = Debug|Any CPU
		{C7578E98-D6D0-45FF-9847-D23FD974DFFE}.Debug|x64.Build.0 = Debug|Any CPU
		{C7578E98-D6D0-45FF-9847-D23FD974DFFE}.Debug|x86.ActiveCfg = Debug|Any CPU
		{C7578E98-D6D0-45FF-9847-D23FD974DFFE}.Debug|x86.Build.0 = Debug|Any CPU
		{C7578E98-D6D0-45FF-9847-D23FD974DFFE}.Release|Any CPU.ActiveCfg = Release|Any CPU
		{C7578E98-D6D0-45FF-9847-D23FD974DFFE}.Release|Any CPU.Build.0 = Release|Any CPU
		{C7578E98-D6D0-45FF-9847-D23FD974DFFE}.Release|x64.ActiveCfg = Release|Any CPU
		{C7578E98-D6D0-45FF-9847-D23FD974DFFE}.Release|x64.Build.0 = Release|Any CPU
		{C7578E98-D6D0-45FF-9847-D23FD974DFFE}.Release|x86.ActiveCfg = Release|Any CPU
		{C7578E98-D6D0-45FF-9847-D23FD974DFFE}.Release|x86.Build.0 = Release|Any CPU
		{6BB9DEC2-154F-48F5-9A07-39191C5C81B2}.Debug|Any CPU.ActiveCfg = Debug|Any CPU
		{6BB9DEC2-154F-48F5-9A07-39191C5C81B2}.Debug|Any CPU.Build.0 = Debug|Any CPU
		{6BB9DEC2-154F-48F5-9A07-39191C5C81B2}.Debug|x64.ActiveCfg = Debug|Any CPU
		{6BB9DEC2-154F-48F5-9A07-39191C5C81B2}.Debug|x64.Build.0 = Debug|Any CPU
		{6BB9DEC2-154F-48F5-9A07-39191C5C81B2}.Debug|x86.ActiveCfg = Debug|Any CPU
		{6BB9DEC2-154F-48F5-9A07-39191C5C81B2}.Debug|x86.Build.0 = Debug|Any CPU
		{6BB9DEC2-154F-48F5-9A07-39191C5C81B2}.Release|Any CPU.ActiveCfg = Release|Any CPU
		{6BB9DEC2-154F-48F5-9A07-39191C5C81B2}.Release|Any CPU.Build.0 = Release|Any CPU
		{6BB9DEC2-154F-48F5-9A07-39191C5C81B2}.Release|x64.ActiveCfg = Release|Any CPU
		{6BB9DEC2-154F-48F5-9A07-39191C5C81B2}.Release|x64.Build.0 = Release|Any CPU
		{6BB9DEC2-154F-48F5-9A07-39191C5C81B2}.Release|x86.ActiveCfg = Release|Any CPU
		{6BB9DEC2-154F-48F5-9A07-39191C5C81B2}.Release|x86.Build.0 = Release|Any CPU
	EndGlobalSection
	GlobalSection(SolutionProperties) = preSolution
		HideSolutionNode = FALSE
	EndGlobalSection
EndGlobal
