
Microsoft Visual Studio Solution File, Format Version 12.00
# Visual Studio Version 17
VisualStudioVersion = 17.0.31903.59
MinimumVisualStudioVersion = 10.0.40219.1
Project("{FAE04EC0-301F-11D3-BF4B-00C04F79EFBC}") = "InventoryGrpc.Domain", "InventoryGrpc.Domain\InventoryGrpc.Domain.csproj", "{45586570-B867-4426-9622-54C8C079B2B7}"
EndProject
Project("{FAE04EC0-301F-11D3-BF4B-00C04F79EFBC}") = "InventoryGrpc.Infrastructure", "InventoryGrpc.Infrastructure\InventoryGrpc.Infrastructure.csproj", "{17DF1BE6-B0E1-44DC-A146-3874E1E0553E}"
EndProject
Project("{FAE04EC0-301F-11D3-BF4B-00C04F79EFBC}") = "InventoryGrpc.Presentation", "InventoryGrpc.Presentation\InventoryGrpc.Presentation.csproj", "{21F3F9AF-A771-4D07-AD7A-45F5E792D349}"
EndProject
Global
	GlobalSection(SolutionConfigurationPlatforms) = preSolution
		Debug|Any CPU = Debug|Any CPU
		Debug|x64 = Debug|x64
		Debug|x86 = Debug|x86
		Release|Any CPU = Release|Any CPU
		Release|x64 = Release|x64
		Release|x86 = Release|x86
	EndGlobalSection
	GlobalSection(ProjectConfigurationPlatforms) = postSolution
		{45586570-B867-4426-9622-54C8C079B2B7}.Debug|Any CPU.ActiveCfg = Debug|Any CPU
		{45586570-B867-4426-9622-54C8C079B2B7}.Debug|Any CPU.Build.0 = Debug|Any CPU
		{45586570-B867-4426-9622-54C8C079B2B7}.Debug|x64.ActiveCfg = Debug|Any CPU
		{45586570-B867-4426-9622-54C8C079B2B7}.Debug|x64.Build.0 = Debug|Any CPU
		{45586570-B867-4426-9622-54C8C079B2B7}.Debug|x86.ActiveCfg = Debug|Any CPU
		{45586570-B867-4426-9622-54C8C079B2B7}.Debug|x86.Build.0 = Debug|Any CPU
		{45586570-B867-4426-9622-54C8C079B2B7}.Release|Any CPU.ActiveCfg = Release|Any CPU
		{45586570-B867-4426-9622-54C8C079B2B7}.Release|Any CPU.Build.0 = Release|Any CPU
		{45586570-B867-4426-9622-54C8C079B2B7}.Release|x64.ActiveCfg = Release|Any CPU
		{45586570-B867-4426-9622-54C8C079B2B7}.Release|x64.Build.0 = Release|Any CPU
		{45586570-B867-4426-9622-54C8C079B2B7}.Release|x86.ActiveCfg = Release|Any CPU
		{45586570-B867-4426-9622-54C8C079B2B7}.Release|x86.Build.0 = Release|Any CPU
		{17DF1BE6-B0E1-44DC-A146-3874E1E0553E}.Debug|Any CPU.ActiveCfg = Debug|Any CPU
		{17DF1BE6-B0E1-44DC-A146-3874E1E0553E}.Debug|Any CPU.Build.0 = Debug|Any CPU
		{17DF1BE6-B0E1-44DC-A146-3874E1E0553E}.Debug|x64.ActiveCfg = Debug|Any CPU
		{17DF1BE6-B0E1-44DC-A146-3874E1E0553E}.Debug|x64.Build.0 = Debug|Any CPU
		{17DF1BE6-B0E1-44DC-A146-3874E1E0553E}.Debug|x86.ActiveCfg = Debug|Any CPU
		{17DF1BE6-B0E1-44DC-A146-3874E1E0553E}.Debug|x86.Build.0 = Debug|Any CPU
		{17DF1BE6-B0E1-44DC-A146-3874E1E0553E}.Release|Any CPU.ActiveCfg = Release|Any CPU
		{17DF1BE6-B0E1-44DC-A146-3874E1E0553E}.Release|Any CPU.Build.0 = Release|Any CPU
		{17DF1BE6-B0E1-44DC-A146-3874E1E0553E}.Release|x64.ActiveCfg = Release|Any CPU
		{17DF1BE6-B0E1-44DC-A146-3874E1E0553E}.Release|x64.Build.0 = Release|Any CPU
		{17DF1BE6-B0E1-44DC-A146-3874E1E0553E}.Release|x86.ActiveCfg = Release|Any CPU
		{17DF1BE6-B0E1-44DC-A146-3874E1E0553E}.Release|x86.Build.0 = Release|Any CPU
		{21F3F9AF-A771-4D07-AD7A-45F5E792D349}.Debug|Any CPU.ActiveCfg = Debug|Any CPU
		{21F3F9AF-A771-4D07-AD7A-45F5E792D349}.Debug|Any CPU.Build.0 = Debug|Any CPU
		{21F3F9AF-A771-4D07-AD7A-45F5E792D349}.Debug|x64.ActiveCfg = Debug|Any CPU
		{21F3F9AF-A771-4D07-AD7A-45F5E792D349}.Debug|x64.Build.0 = Debug|Any CPU
		{21F3F9AF-A771-4D07-AD7A-45F5E792D349}.Debug|x86.ActiveCfg = Debug|Any CPU
		{21F3F9AF-A771-4D07-AD7A-45F5E792D349}.Debug|x86.Build.0 = Debug|Any CPU
		{21F3F9AF-A771-4D07-AD7A-45F5E792D349}.Release|Any CPU.ActiveCfg = Release|Any CPU
		{21F3F9AF-A771-4D07-AD7A-45F5E792D349}.Release|Any CPU.Build.0 = Release|Any CPU
		{21F3F9AF-A771-4D07-AD7A-45F5E792D349}.Release|x64.ActiveCfg = Release|Any CPU
		{21F3F9AF-A771-4D07-AD7A-45F5E792D349}.Release|x64.Build.0 = Release|Any CPU
		{21F3F9AF-A771-4D07-AD7A-45F5E792D349}.Release|x86.ActiveCfg = Release|Any CPU
		{21F3F9AF-A771-4D07-AD7A-45F5E792D349}.Release|x86.Build.0 = Release|Any CPU
	EndGlobalSection
	GlobalSection(SolutionProperties) = preSolution
		HideSolutionNode = FALSE
	EndGlobalSection
EndGlobal
